
Microsoft Visual Studio Solution File, Format Version 12.00
# Visual Studio Version 17
VisualStudioVersion = 17.7.34024.191
MinimumVisualStudioVersion = 10.0.40219.1
Project("{FAE04EC0-301F-11D3-BF4B-00C04F79EFBC}") = "SignupLogin", "SignupLogin.csproj", "{D3FC4017-94AE-47CC-812B-A61D80A93B2D}"
EndProject
Global
	GlobalSection(SolutionConfigurationPlatforms) = preSolution
		Debug|Any CPU = Debug|Any CPU
		Release|Any CPU = Release|Any CPU
	EndGlobalSection
	GlobalSection(ProjectConfigurationPlatforms) = postSolution
		{D3FC4017-94AE-47CC-812B-A61D80A93B2D}.Debug|Any CPU.ActiveCfg = Debug|Any CPU
		{D3FC4017-94AE-47CC-812B-A61D80A93B2D}.Debug|Any CPU.Build.0 = Debug|Any CPU
		{D3FC4017-94AE-47CC-812B-A61D80A93B2D}.Release|Any CPU.ActiveCfg = Release|Any CPU
		{D3FC4017-94AE-47CC-812B-A61D80A93B2D}.Release|Any CPU.Build.0 = Release|Any CPU
	EndGlobalSection
	GlobalSection(SolutionProperties) = preSolution
		HideSolutionNode = FALSE
	EndGlobalSection
	GlobalSection(ExtensibilityGlobals) = postSolution
		SolutionGuid = {0717C3ED-8F0E-4563-94AD-940175473BE9}
	EndGlobalSection
EndGlobal
